
Microsoft Visual Studio Solution File, Format Version 12.00
# Visual Studio Version 16
VisualStudioVersion = 16.0.30330.147
MinimumVisualStudioVersion = 10.0.40219.1
Project("{9A19103F-16F7-4668-BE54-9A1E7A4F7556}") = "BookStore.API", "BookStore.API\BookStore.API.csproj", "{CF70DB4B-A607-42F8-988B-A36B3F0D3BAE}"
EndProject
Global
	GlobalSection(SolutionConfigurationPlatforms) = preSolution
		Debug|Any CPU = Debug|Any CPU
		Release|Any CPU = Release|Any CPU
	EndGlobalSection
	GlobalSection(ProjectConfigurationPlatforms) = postSolution
		{CF70DB4B-A607-42F8-988B-A36B3F0D3BAE}.Debug|Any CPU.ActiveCfg = Debug|Any CPU
		{CF70DB4B-A607-42F8-988B-A36B3F0D3BAE}.Debug|Any CPU.Build.0 = Debug|Any CPU
		{CF70DB4B-A607-42F8-988B-A36B3F0D3BAE}.Release|Any CPU.ActiveCfg = Release|Any CPU
		{CF70DB4B-A607-42F8-988B-A36B3F0D3BAE}.Release|Any CPU.Build.0 = Release|Any CPU
	EndGlobalSection
	GlobalSection(SolutionProperties) = preSolution
		HideSolutionNode = FALSE
	EndGlobalSection
	GlobalSection(ExtensibilityGlobals) = postSolution
		SolutionGuid = {DD6E571E-3B94-45D6-9665-84863E954A9D}
	EndGlobalSection
EndGlobal
